
Microsoft Visual Studio Solution File, Format Version 12.00
# Visual Studio 14
VisualStudioVersion = 14.0.25123.0
MinimumVisualStudioVersion = 10.0.40219.1
Project("{8BC9CEB8-8B4A-11D0-8D11-00A0C91BC942}") = "csWebService", "csWebService\csWebService.vcxproj", "{ACF42E81-28EA-4D9E-8261-13DF41867B45}"
EndProject
Project("{8BC9CEB8-8B4A-11D0-8D11-00A0C91BC942}") = "csSite", "csSite\csSite.vcxproj", "{22581593-B4CE-4432-B35C-F8FEE0AA862C}"
EndProject
Project("{8BC9CEB8-8B4A-11D0-8D11-00A0C91BC942}") = "cxWebService_UnitTest", "cxWebService_UnitTest\cxWebService_UnitTest.vcxproj", "{C7F46805-5887-4466-8694-55346921F2CD}"
	ProjectSection(ProjectDependencies) = postProject
		{ACF42E81-28EA-4D9E-8261-13DF41867B45} = {ACF42E81-28EA-4D9E-8261-13DF41867B45}
	EndProjectSection
EndProject
Global
	GlobalSection(SolutionConfigurationPlatforms) = preSolution
		Debug|x64 = Debug|x64
		Debug|x86 = Debug|x86
		Release|x64 = Release|x64
		Release|x86 = Release|x86
	EndGlobalSection
	GlobalSection(ProjectConfigurationPlatforms) = postSolution
		{ACF42E81-28EA-4D9E-8261-13DF41867B45}.Debug|x64.ActiveCfg = Debug|x64
		{ACF42E81-28EA-4D9E-8261-13DF41867B45}.Debug|x64.Build.0 = Debug|x64
		{ACF42E81-28EA-4D9E-8261-13DF41867B45}.Debug|x86.ActiveCfg = Debug|Win32
		{ACF42E81-28EA-4D9E-8261-13DF41867B45}.Debug|x86.Build.0 = Debug|Win32
		{ACF42E81-28EA-4D9E-8261-13DF41867B45}.Release|x64.ActiveCfg = Release|x64
		{ACF42E81-28EA-4D9E-8261-13DF41867B45}.Release|x64.Build.0 = Release|x64
		{ACF42E81-28EA-4D9E-8261-13DF41867B45}.Release|x86.ActiveCfg = Release|Win32
		{ACF42E81-28EA-4D9E-8261-13DF41867B45}.Release|x86.Build.0 = Release|Win32
		{22581593-B4CE-4432-B35C-F8FEE0AA862C}.Debug|x64.ActiveCfg = Debug|x64
		{22581593-B4CE-4432-B35C-F8FEE0AA862C}.Debug|x64.Build.0 = Debug|x64
		{22581593-B4CE-4432-B35C-F8FEE0AA862C}.Debug|x86.ActiveCfg = Debug|Win32
		{22581593-B4CE-4432-B35C-F8FEE0AA862C}.Debug|x86.Build.0 = Debug|Win32
		{22581593-B4CE-4432-B35C-F8FEE0AA862C}.Release|x64.ActiveCfg = Release|x64
		{22581593-B4CE-4432-B35C-F8FEE0AA862C}.Release|x64.Build.0 = Release|x64
		{22581593-B4CE-4432-B35C-F8FEE0AA862C}.Release|x86.ActiveCfg = Release|Win32
		{22581593-B4CE-4432-B35C-F8FEE0AA862C}.Release|x86.Build.0 = Release|Win32
		{C7F46805-5887-4466-8694-55346921F2CD}.Debug|x64.ActiveCfg = Debug|x64
		{C7F46805-5887-4466-8694-55346921F2CD}.Debug|x64.Build.0 = Debug|x64
		{C7F46805-5887-4466-8694-55346921F2CD}.Debug|x86.ActiveCfg = Debug|Win32
		{C7F46805-5887-4466-8694-55346921F2CD}.Debug|x86.Build.0 = Debug|Win32
		{C7F46805-5887-4466-8694-55346921F2CD}.Release|x64.ActiveCfg = Release|x64
		{C7F46805-5887-4466-8694-55346921F2CD}.Release|x64.Build.0 = Release|x64
		{C7F46805-5887-4466-8694-55346921F2CD}.Release|x86.ActiveCfg = Release|Win32
		{C7F46805-5887-4466-8694-55346921F2CD}.Release|x86.Build.0 = Release|Win32
	EndGlobalSection
	GlobalSection(SolutionProperties) = preSolution
		HideSolutionNode = FALSE
	EndGlobalSection
EndGlobal
